
Microsoft Visual Studio Solution File, Format Version 11.00
# Visual Studio 2010
Project("{FAE04EC0-301F-11D3-BF4B-00C04F79EFBC}") = "Assembly-CSharp", "Assembly-CSharp.csproj", "{F408B6DA-6343-6EE4-F6F9-E05D62250BCF}"
EndProject
Global
	GlobalSection(SolutionConfigurationPlatforms) = preSolution
		Debug|Any CPU = Debug|Any CPU
		Release|Any CPU = Release|Any CPU
	EndGlobalSection
	GlobalSection(ProjectConfigurationPlatforms) = postSolution
		{F408B6DA-6343-6EE4-F6F9-E05D62250BCF}.Debug|Any CPU.ActiveCfg = Debug|Any CPU
		{F408B6DA-6343-6EE4-F6F9-E05D62250BCF}.Debug|Any CPU.Build.0 = Debug|Any CPU
		{F408B6DA-6343-6EE4-F6F9-E05D62250BCF}.Release|Any CPU.ActiveCfg = Release|Any CPU
		{F408B6DA-6343-6EE4-F6F9-E05D62250BCF}.Release|Any CPU.Build.0 = Release|Any CPU
	EndGlobalSection
	GlobalSection(SolutionProperties) = preSolution
		HideSolutionNode = FALSE
	EndGlobalSection
EndGlobal
